
Microsoft Visual Studio Solution File, Format Version 12.00
# Visual Studio Version 16
VisualStudioVersion = 16.0.29319.158
MinimumVisualStudioVersion = 10.0.40219.1
Project("{9A19103F-16F7-4668-BE54-9A1E7A4F7556}") = "Graphviz.Net.Generator", "Graphviz.Net\Graphviz.Net.Generator.csproj", "{21B455BA-D252-4865-A52B-7C178750F754}"
EndProject
Project("{FAE04EC0-301F-11D3-BF4B-00C04F79EFBC}") = "Graphviz.Net.Generator.Demo", "Graphviz.Net.Generator.Demo\Graphviz.Net.Generator.Demo.csproj", "{798A659B-CCAE-4494-9BEA-2CADDEFFF20F}"
EndProject
Global
	GlobalSection(SolutionConfigurationPlatforms) = preSolution
		Debug|Any CPU = Debug|Any CPU
		Release|Any CPU = Release|Any CPU
	EndGlobalSection
	GlobalSection(ProjectConfigurationPlatforms) = postSolution
		{21B455BA-D252-4865-A52B-7C178750F754}.Debug|Any CPU.ActiveCfg = Debug|Any CPU
		{21B455BA-D252-4865-A52B-7C178750F754}.Debug|Any CPU.Build.0 = Debug|Any CPU
		{21B455BA-D252-4865-A52B-7C178750F754}.Release|Any CPU.ActiveCfg = Release|Any CPU
		{21B455BA-D252-4865-A52B-7C178750F754}.Release|Any CPU.Build.0 = Release|Any CPU
		{798A659B-CCAE-4494-9BEA-2CADDEFFF20F}.Debug|Any CPU.ActiveCfg = Debug|Any CPU
		{798A659B-CCAE-4494-9BEA-2CADDEFFF20F}.Debug|Any CPU.Build.0 = Debug|Any CPU
		{798A659B-CCAE-4494-9BEA-2CADDEFFF20F}.Release|Any CPU.ActiveCfg = Release|Any CPU
		{798A659B-CCAE-4494-9BEA-2CADDEFFF20F}.Release|Any CPU.Build.0 = Release|Any CPU
	EndGlobalSection
	GlobalSection(SolutionProperties) = preSolution
		HideSolutionNode = FALSE
	EndGlobalSection
	GlobalSection(ExtensibilityGlobals) = postSolution
		SolutionGuid = {E189B898-F519-48E7-A3DE-16AA0A4476A3}
	EndGlobalSection
EndGlobal
